
Microsoft Visual Studio Solution File, Format Version 12.00
# Visual Studio Version 17
VisualStudioVersion = 17.3.32825.248
MinimumVisualStudioVersion = 10.0.40219.1
Project("{FAE04EC0-301F-11D3-BF4B-00C04F79EFBC}") = "ManejoPresupuesto", "ManejoPresupuesto\ManejoPresupuesto.csproj", "{267AE72A-D552-4C9E-BAA5-A35986220559}"
EndProject
Global
	GlobalSection(SolutionConfigurationPlatforms) = preSolution
		Debug|Any CPU = Debug|Any CPU
		Release|Any CPU = Release|Any CPU
	EndGlobalSection
	GlobalSection(ProjectConfigurationPlatforms) = postSolution
		{267AE72A-D552-4C9E-BAA5-A35986220559}.Debug|Any CPU.ActiveCfg = Debug|Any CPU
		{267AE72A-D552-4C9E-BAA5-A35986220559}.Debug|Any CPU.Build.0 = Debug|Any CPU
		{267AE72A-D552-4C9E-BAA5-A35986220559}.Release|Any CPU.ActiveCfg = Release|Any CPU
		{267AE72A-D552-4C9E-BAA5-A35986220559}.Release|Any CPU.Build.0 = Release|Any CPU
	EndGlobalSection
	GlobalSection(SolutionProperties) = preSolution
		HideSolutionNode = FALSE
	EndGlobalSection
	GlobalSection(ExtensibilityGlobals) = postSolution
		SolutionGuid = {189F1D03-840D-43C0-94A6-757C6815A0F0}
	EndGlobalSection
EndGlobal
